// !$*UTF8*$!
{
	archiveVersion = 1;
	classes = {
	};
	objectVersion = 50;
	objects = {

/* Begin PBXBuildFile section */
		5835D3BA224A4E0500CA6085 /* AppDelegate.m in Sources */ = {isa = PBXBuildFile; fileRef = 5835D3B9224A4E0500CA6085 /* AppDelegate.m */; };
		5835D3BD224A4E0500CA6085 /* ViewController.m in Sources */ = {isa = PBXBuildFile; fileRef = 5835D3BC224A4E0500CA6085 /* ViewController.m */; };
		5835D3C0224A4E0500CA6085 /* Main.storyboard in Resources */ = {isa = PBXBuildFile; fileRef = 5835D3BE224A4E0500CA6085 /* Main.storyboard */; };
		5835D3C2224A4E0600CA6085 /* Assets.xcassets in Resources */ = {isa = PBXBuildFile; fileRef = 5835D3C1224A4E0600CA6085 /* Assets.xcassets */; };
		5835D3C5224A4E0600CA6085 /* LaunchScreen.storyboard in Resources */ = {isa = PBXBuildFile; fileRef = 5835D3C3224A4E0600CA6085 /* LaunchScreen.storyboard */; };
		5835D3C8224A4E0600CA6085 /* main.m in Sources */ = {isa = PBXBuildFile; fileRef = 5835D3C7224A4E0600CA6085 /* main.m */; };
		5835D3D0224A523D00CA6085 /* SectionController.m in Sources */ = {isa = PBXBuildFile; fileRef = 5835D3CF224A523D00CA6085 /* SectionController.m */; };
		5835D3D3224A53E800CA6085 /* CollectionViewCell.m in Sources */ = {isa = PBXBuildFile; fileRef = 5835D3D2224A53E800CA6085 /* CollectionViewCell.m */; };
		A914AE545ABA167B84CEB94C /* libPods-JJIGListKitDemo.a in Frameworks */ = {isa = PBXBuildFile; fileRef = 4748CC4E959DFDD4751FD120 /* libPods-JJIGListKitDemo.a */; };
/* End PBXBuildFile section */

/* Begin PBXFileReference section */
		4748CC4E959DFDD4751FD120 /* libPods-JJIGListKitDemo.a */ = {isa = PBXFileReference; explicitFileType = archive.ar; includeInIndex = 0; path = "libPods-JJIGListKitDemo.a"; sourceTree = BUILT_PRODUCTS_DIR; };
		5835D3B5224A4E0500CA6085 /* JJIGListKitDemo.app */ = {isa = PBXFileReference; explicitFileType = wrapper.application; includeInIndex = 0; path = JJIGListKitDemo.app; sourceTree = BUILT_PRODUCTS_DIR; };
		5835D3B8224A4E0500CA6085 /* AppDelegate.h */ = {isa = PBXFileReference; lastKnownFileType = sourcecode.c.h; path = AppDelegate.h; sourceTree = "<group>"; };
		5835D3B9224A4E0500CA6085 /* AppDelegate.m */ = {isa = PBXFileReference; lastKnownFileType = sourcecode.c.objc; path = AppDelegate.m; sourceTree = "<group>"; };
		5835D3BB224A4E0500CA6085 /* ViewController.h */ = {isa = PBXFileReference; lastKnownFileType = sourcecode.c.h; path = ViewController.h; sourceTree = "<group>"; };
		5835D3BC224A4E0500CA6085 /* ViewController.m */ = {isa = PBXFileReference; lastKnownFileType = sourcecode.c.objc; path = ViewController.m; sourceTree = "<group>"; };
		5835D3BF224A4E0500CA6085 /* Base */ = {isa = PBXFileReference; lastKnownFileType = file.storyboard; name = Base; path = Base.lproj/Main.storyboard; sourceTree = "<group>"; };
		5835D3C1224A4E0600CA6085 /* Assets.xcassets */ = {isa = PBXFileReference; lastKnownFileType = folder.assetcatalog; path = Assets.xcassets; sourceTree = "<group>"; };
		5835D3C4224A4E0600CA6085 /* Base */ = {isa = PBXFileReference; lastKnownFileType = file.storyboard; name = Base; path = Base.lproj/LaunchScreen.storyboard; sourceTree = "<group>"; };
		5835D3C6224A4E0600CA6085 /* Info.plist */ = {isa = PBXFileReference; lastKnownFileType = text.plist.xml; path = Info.plist; sourceTree = "<group>"; };
		5835D3C7224A4E0600CA6085 /* main.m */ = {isa = PBXFileReference; lastKnownFileType = sourcecode.c.objc; path = main.m; sourceTree = "<group>"; };
		5835D3CE224A523D00CA6085 /* SectionController.h */ = {isa = PBXFileReference; lastKnownFileType = sourcecode.c.h; path = SectionController.h; sourceTree = "<group>"; };
		5835D3CF224A523D00CA6085 /* SectionController.m */ = {isa = PBXFileReference; lastKnownFileType = sourcecode.c.objc; path = SectionController.m; sourceTree = "<group>"; };
		5835D3D1224A53E800CA6085 /* CollectionViewCell.h */ = {isa = PBXFileReference; lastKnownFileType = sourcecode.c.h; path = CollectionViewCell.h; sourceTree = "<group>"; };
		5835D3D2224A53E800CA6085 /* CollectionViewCell.m */ = {isa = PBXFileReference; lastKnownFileType = sourcecode.c.objc; path = CollectionViewCell.m; sourceTree = "<group>"; };
		B1BCF318657640C4A33D6A12 /* Pods-JJIGListKitDemo.release.xcconfig */ = {isa = PBXFileReference; includeInIndex = 1; lastKnownFileType = text.xcconfig; name = "Pods-JJIGListKitDemo.release.xcconfig"; path = "Pods/Target Support Files/Pods-JJIGListKitDemo/Pods-JJIGListKitDemo.release.xcconfig"; sourceTree = "<group>"; };
		EC64E012D2ECB205F3F52FBD /* Pods-JJIGListKitDemo.debug.xcconfig */ = {isa = PBXFileReference; includeInIndex = 1; lastKnownFileType = text.xcconfig; name = "Pods-JJIGListKitDemo.debug.xcconfig"; path = "Pods/Target Support Files/Pods-JJIGListKitDemo/Pods-JJIGListKitDemo.debug.xcconfig"; sourceTree = "<group>"; };
/* End PBXFileReference section */

/* Begin PBXFrameworksBuildPhase section */
		5835D3B2224A4E0500CA6085 /* Frameworks */ = {
			isa = PBXFrameworksBuildPhase;
			buildActionMask = 2147483647;
			files = (
				A914AE545ABA167B84CEB94C /* libPods-JJIGListKitDemo.a in Frameworks */,
			);
			runOnlyForDeploymentPostprocessing = 0;
		};
/* End PBXFrameworksBuildPhase section */

/* Begin PBXGroup section */
		53F10350712AFA0725FBE83B /* Frameworks */ = {
			isa = PBXGroup;
			children = (
				4748CC4E959DFDD4751FD120 /* libPods-JJIGListKitDemo.a */,
			);
			name = Frameworks;
			sourceTree = "<group>";
		};
		5835D3AC224A4E0500CA6085 = {
			isa = PBXGroup;
			children = (
				5835D3B7224A4E0500CA6085 /* JJIGListKitDemo */,
				5835D3B6224A4E0500CA6085 /* Products */,
				A8B6EE8D6DD5B4671D210A9D /* Pods */,
				53F10350712AFA0725FBE83B /* Frameworks */,
			);
			sourceTree = "<group>";
		};
		5835D3B6224A4E0500CA6085 /* Products */ = {
			isa = PBXGroup;
			children = (
				5835D3B5224A4E0500CA6085 /* JJIGListKitDemo.app */,
			);
			name = Products;
			sourceTree = "<group>";
		};
		5835D3B7224A4E0500CA6085 /* JJIGListKitDemo */ = {
			isa = PBXGroup;
			children = (
				5835D3B8224A4E0500CA6085 /* AppDelegate.h */,
				5835D3B9224A4E0500CA6085 /* AppDelegate.m */,
				5835D3BB224A4E0500CA6085 /* ViewController.h */,
				5835D3BC224A4E0500CA6085 /* ViewController.m */,
				5835D3CE224A523D00CA6085 /* SectionController.h */,
				5835D3CF224A523D00CA6085 /* SectionController.m */,
				5835D3D1224A53E800CA6085 /* CollectionViewCell.h */,
				5835D3D2224A53E800CA6085 /* CollectionViewCell.m */,
				5835D3BE224A4E0500CA6085 /* Main.storyboard */,
				5835D3C1224A4E0600CA6085 /* Assets.xcassets */,
				5835D3C3224A4E0600CA6085 /* LaunchScreen.storyboard */,
				5835D3C6224A4E0600CA6085 /* Info.plist */,
				5835D3C7224A4E0600CA6085 /* main.m */,
			);
			path = JJIGListKitDemo;
			sourceTree = "<group>";
		};
		A8B6EE8D6DD5B4671D210A9D /* Pods */ = {
			isa = PBXGroup;
			children = (
				EC64E012D2ECB205F3F52FBD /* Pods-JJIGListKitDemo.debug.xcconfig */,
				B1BCF318657640C4A33D6A12 /* Pods-JJIGListKitDemo.release.xcconfig */,
			);
			name = Pods;
			sourceTree = "<group>";
		};
/* End PBXGroup section */

/* Begin PBXNativeTarget section */
		5835D3B4224A4E0500CA6085 /* JJIGListKitDemo */ = {
			isa = PBXNativeTarget;
			buildConfigurationList = 5835D3CB224A4E0600CA6085 /* Build configuration list for PBXNativeTarget "JJIGListKitDemo" */;
			buildPhases = (
				F834BAC9FAF4B4B17616BBBB /* [CP] Check Pods Manifest.lock */,
				5835D3B1224A4E0500CA6085 /* Sources */,
				5835D3B2224A4E0500CA6085 /* Frameworks */,
				5835D3B3224A4E0500CA6085 /* Resources */,
			);
			buildRules = (
			);
			dependencies = (
			);
			name = JJIGListKitDemo;
			productName = JJIGListKitDemo;
			productReference = 5835D3B5224A4E0500CA6085 /* JJIGListKitDemo.app */;
			productType = "com.apple.product-type.application";
		};
/* End PBXNativeTarget section */

/* Begin PBXProject section */
		5835D3AD224A4E0500CA6085 /* Project object */ = {
			isa = PBXProject;
			attributes = {
				LastUpgradeCheck = 1010;
				ORGANIZATIONNAME = Liu;
				TargetAttributes = {
					5835D3B4224A4E0500CA6085 = {
						CreatedOnToolsVersion = 10.1;
					};
				};
			};
			buildConfigurationList = 5835D3B0224A4E0500CA6085 /* Build configuration list for PBXProject "JJIGListKitDemo" */;
			compatibilityVersion = "Xcode 9.3";
			developmentRegion = en;
			hasScannedForEncodings = 0;
			knownRegions = (
				en,
				Base,
			);
			mainGroup = 5835D3AC224A4E0500CA6085;
			productRefGroup = 5835D3B6224A4E0500CA6085 /* Products */;
			projectDirPath = "";
			projectRoot = "";
			targets = (
				5835D3B4224A4E0500CA6085 /* JJIGListKitDemo */,
			);
		};
/* End PBXProject section */

/* Begin PBXResourcesBuildPhase section */
		5835D3B3224A4E0500CA6085 /* Resources */ = {
			isa = PBXResourcesBuildPhase;
			buildActionMask = 2147483647;
			files = (
				5835D3C5224A4E0600CA6085 /* LaunchScreen.storyboard in Resources */,
				5835D3C2224A4E0600CA6085 /* Assets.xcassets in Resources */,
				5835D3C0224A4E0500CA6085 /* Main.storyboard in Resources */,
			);
			runOnlyForDeploymentPostprocessing = 0;
		};
/* End PBXResourcesBuildPhase section */

/* Begin PBXShellScriptBuildPhase section */
		F834BAC9FAF4B4B17616BBBB /* [CP] Check Pods Manifest.lock */ = {
			isa = PBXShellScriptBuildPhase;
			buildActionMask = 2147483647;
			files = (
			);
			inputFileListPaths = (
			);
			inputPaths = (
				"${PODS_PODFILE_DIR_PATH}/Podfile.lock",
				"${PODS_ROOT}/Manifest.lock",
			);
			name = "[CP] Check Pods Manifest.lock";
			outputFileListPaths = (
			);
			outputPaths = (
				"$(DERIVED_FILE_DIR)/Pods-JJIGListKitDemo-checkManifestLockResult.txt",
			);
			runOnlyForDeploymentPostprocessing = 0;
			shellPath = /bin/sh;
			shellScript = "diff \"${PODS_PODFILE_DIR_PATH}/Podfile.lock\" \"${PODS_ROOT}/Manifest.lock\" > /dev/null\nif [ $? != 0 ] ; then\n    # print error to STDERR\n    echo \"error: The sandbox is not in sync with the Podfile.lock. Run 'pod install' or update your CocoaPods installation.\" >&2\n    exit 1\nfi\n# This output is used by Xcode 'outputs' to avoid re-running this script phase.\necho \"SUCCESS\" > \"${SCRIPT_OUTPUT_FILE_0}\"\n";
			showEnvVarsInLog = 0;
		};
/* End PBXShellScriptBuildPhase section */

/* Begin PBXSourcesBuildPhase section */
		5835D3B1224A4E0500CA6085 /* Sources */ = {
			isa = PBXSourcesBuildPhase;
			buildActionMask = 2147483647;
			files = (
				5835D3BD224A4E0500CA6085 /* ViewController.m in Sources */,
				5835D3D3224A53E800CA6085 /* CollectionViewCell.m in Sources */,
				5835D3C8224A4E0600CA6085 /* main.m in Sources */,
				5835D3BA224A4E0500CA6085 /* AppDelegate.m in Sources */,
				5835D3D0224A523D00CA6085 /* SectionController.m in Sources */,
			);
			runOnlyForDeploymentPostprocessing = 0;
		};
/* End PBXSourcesBuildPhase section */

/* Begin PBXVariantGroup section */
		5835D3BE224A4E0500CA6085 /* Main.storyboard */ = {
			isa = PBXVariantGroup;
			children = (
				5835D3BF224A4E0500CA6085 /* Base */,
			);
			name = Main.storyboard;
			sourceTree = "<group>";
		};
		5835D3C3224A4E0600CA6085 /* LaunchScreen.storyboard */ = {
			isa = PBXVariantGroup;
			children = (
				5835D3C4224A4E0600CA6085 /* Base */,
			);
			name = LaunchScreen.storyboard;
			sourceTree = "<group>";
		};
/* End PBXVariantGroup section */

/* Begin XCBuildConfiguration section */
		5835D3C9224A4E0600CA6085 /* Debug */ = {
			isa = XCBuildConfiguration;
			buildSettings = {
				ALWAYS_SEARCH_USER_PATHS = NO;
				CLANG_ANALYZER_NONNULL = YES;
				CLANG_ANALYZER_NUMBER_OBJECT_CONVERSION = YES_AGGRESSIVE;
				CLANG_CXX_LANGUAGE_STANDARD = "gnu++14";
				CLANG_CXX_LIBRARY = "libc++";
				CLANG_ENABLE_MODULES = YES;
				CLANG_ENABLE_OBJC_ARC = YES;
				CLANG_ENABLE_OBJC_WEAK = YES;
				CLANG_WARN_BLOCK_CAPTURE_AUTORELEASING = YES;
				CLANG_WARN_BOOL_CONVERSION = YES;
				CLANG_WARN_COMMA = YES;
				CLANG_WARN_CONSTANT_CONVERSION = YES;
				CLANG_WARN_DEPRECATED_OBJC_IMPLEMENTATIONS = YES;
				CLANG_WARN_DIRECT_OBJC_ISA_USAGE = YES_ERROR;
				CLANG_WARN_DOCUMENTATION_COMMENTS = YES;
				CLANG_WARN_EMPTY_BODY = YES;
				CLANG_WARN_ENUM_CONVERSION = YES;
				CLANG_WARN_INFINITE_RECURSION = YES;
				CLANG_WARN_INT_CONVERSION = YES;
				CLANG_WARN_NON_LITERAL_NULL_CONVERSION = YES;
				CLANG_WARN_OBJC_IMPLICIT_RETAIN_SELF = YES;
				CLANG_WARN_OBJC_LITERAL_CONVERSION = YES;
				CLANG_WARN_OBJC_ROOT_CLASS = YES_ERROR;
				CLANG_WARN_RANGE_LOOP_ANALYSIS = YES;
				CLANG_WARN_STRICT_PROTOTYPES = YES;
				CLANG_WARN_SUSPICIOUS_MOVE = YES;
				CLANG_WARN_UNGUARDED_AVAILABILITY = YES_AGGRESSIVE;
				CLANG_WARN_UNREACHABLE_CODE = YES;
				CLANG_WARN__DUPLICATE_METHOD_MATCH = YES;
				CODE_SIGN_IDENTITY = "iPhone Developer";
				COPY_PHASE_STRIP = NO;
				DEBUG_INFORMATION_FORMAT = dwarf;
				ENABLE_STRICT_OBJC_MSGSEND = YES;
				ENABLE_TESTABILITY = YES;
				GCC_C_LANGUAGE_STANDARD = gnu11;
				GCC_DYNAMIC_NO_PIC = NO;
				GCC_NO_COMMON_BLOCKS = YES;
				GCC_OPTIMIZATION_LEVEL = 0;
				GCC_PREPROCESSOR_DEFINITIONS = (
					"DEBUG=1",
					"$(inherited)",
				);
				GCC_WARN_64_TO_32_BIT_CONVERSION = YES;
				GCC_WARN_ABOUT_RETURN_TYPE = YES_ERROR;
				GCC_WARN_UNDECLARED_SELECTOR = YES;
				GCC_WARN_UNINITIALIZED_AUTOS = YES_AGGRESSIVE;
				GCC_WARN_UNUSED_FUNCTION = YES;
				GCC_WARN_UNUSED_VARIABLE = YES;
				IPHONEOS_DEPLOYMENT_TARGET = 12.1;
				MTL_ENABLE_DEBUG_INFO = INCLUDE_SOURCE;
				MTL_FAST_MATH = YES;
				ONLY_ACTIVE_ARCH = YES;
				SDKROOT = iphoneos;
			};
			name = Debug;
		};
		5835D3CA224A4E0600CA6085 /* Release */ = {
			isa = XCBuildConfiguration;
			buildSettings = {
				ALWAYS_SEARCH_USER_PATHS = NO;
				CLANG_ANALYZER_NONNULL = YES;
				CLANG_ANALYZER_NUMBER_OBJECT_CONVERSION = YES_AGGRESSIVE;
				CLANG_CXX_LANGUAGE_STANDARD = "gnu++14";
				CLANG_CXX_LIBRARY = "libc++";
				CLANG_ENABLE_MODULES = YES;
				CLANG_ENABLE_OBJC_ARC = YES;
				CLANG_ENABLE_OBJC_WEAK = YES;
				CLANG_WARN_BLOCK_CAPTURE_AUTORELEASING = YES;
				CLANG_WARN_BOOL_CONVERSION = YES;
				CLANG_WARN_COMMA = YES;
				CLANG_WARN_CONSTANT_CONVERSION = YES;
				CLANG_WARN_DEPRECATED_OBJC_IMPLEMENTATIONS = YES;
				CLANG_WARN_DIRECT_OBJC_ISA_USAGE = YES_ERROR;
				CLANG_WARN_DOCUMENTATION_COMMENTS = YES;
				CLANG_WARN_EMPTY_BODY = YES;
				CLANG_WARN_ENUM_CONVERSION = YES;
				CLANG_WARN_INFINITE_RECURSION = YES;
				CLANG_WARN_INT_CONVERSION = YES;
				CLANG_WARN_NON_LITERAL_NULL_CONVERSION = YES;
				CLANG_WARN_OBJC_IMPLICIT_RETAIN_SELF = YES;
				CLANG_WARN_OBJC_LITERAL_CONVERSION = YES;
				CLANG_WARN_OBJC_ROOT_CLASS = YES_ERROR;
				CLANG_WARN_RANGE_LOOP_ANALYSIS = YES;
				CLANG_WARN_STRICT_PROTOTYPES = YES;
				CLANG_WARN_SUSPICIOUS_MOVE = YES;
				CLANG_WARN_UNGUARDED_AVAILABILITY = YES_AGGRESSIVE;
				CLANG_WARN_UNREACHABLE_CODE = YES;
				CLANG_WARN__DUPLICATE_METHOD_MATCH = YES;
				CODE_SIGN_IDENTITY = "iPhone Developer";
				COPY_PHASE_STRIP = NO;
				DEBUG_INFORMATION_FORMAT = "dwarf-with-dsym";
				ENABLE_NS_ASSERTIONS = NO;
				ENABLE_STRICT_OBJC_MSGSEND = YES;
				GCC_C_LANGUAGE_STANDARD = gnu11;
				GCC_NO_COMMON_BLOCKS = YES;
				GCC_WARN_64_TO_32_BIT_CONVERSION = YES;
				GCC_WARN_ABOUT_RETURN_TYPE = YES_ERROR;
				GCC_WARN_UNDECLARED_SELECTOR = YES;
				GCC_WARN_UNINITIALIZED_AUTOS = YES_AGGRESSIVE;
				GCC_WARN_UNUSED_FUNCTION = YES;
				GCC_WARN_UNUSED_VARIABLE = YES;
				IPHONEOS_DEPLOYMENT_TARGET = 12.1;
				MTL_ENABLE_DEBUG_INFO = NO;
				MTL_FAST_MATH = YES;
				SDKROOT = iphoneos;
				VALIDATE_PRODUCT = YES;
			};
			name = Release;
		};
		5835D3CC224A4E0600CA6085 /* Debug */ = {
			isa = XCBuildConfiguration;
			baseConfigurationReference = EC64E012D2ECB205F3F52FBD /* Pods-JJIGListKitDemo.debug.xcconfig */;
			buildSettings = {
				ASSETCATALOG_COMPILER_APPICON_NAME = AppIcon;
				CODE_SIGN_STYLE = Automatic;
				DEVELOPMENT_TEAM = QL2UA4UCJP;
				INFOPLIST_FILE = JJIGListKitDemo/Info.plist;
				LD_RUNPATH_SEARCH_PATHS = (
					"$(inherited)",
					"@executable_path/Frameworks",
				);
				PRODUCT_BUNDLE_IDENTIFIER = com.study.ljj.JJIGListKitDemo;
				PRODUCT_NAME = "$(TARGET_NAME)";
				TARGETED_DEVICE_FAMILY = "1,2";
			};
			name = Debug;
		};
		5835D3CD224A4E0600CA6085 /* Release */ = {
			isa = XCBuildConfiguration;
			baseConfigurationReference = B1BCF318657640C4A33D6A12 /* Pods-JJIGListKitDemo.release.xcconfig */;
			buildSettings = {
				ASSETCATALOG_COMPILER_APPICON_NAME = AppIcon;
				CODE_SIGN_STYLE = Automatic;
				DEVELOPMENT_TEAM = QL2UA4UCJP;
				INFOPLIST_FILE = JJIGListKitDemo/Info.plist;
				LD_RUNPATH_SEARCH_PATHS = (
					"$(inherited)",
					"@executable_path/Frameworks",
				);
				PRODUCT_BUNDLE_IDENTIFIER = com.study.ljj.JJIGListKitDemo;
				PRODUCT_NAME = "$(TARGET_NAME)";
				TARGETED_DEVICE_FAMILY = "1,2";
			};
			name = Release;
		};
/* End XCBuildConfiguration section */

/* Begin XCConfigurationList section */
		5835D3B0224A4E0500CA6085 /* Build configuration list for PBXProject "JJIGListKitDemo" */ = {
			isa = XCConfigurationList;
			buildConfigurations = (
				5835D3C9224A4E0600CA6085 /* Debug */,
				5835D3CA224A4E0600CA6085 /* Release */,
			);
			defaultConfigurationIsVisible = 0;
			defaultConfigurationName = Release;
		};
		5835D3CB224A4E0600CA6085 /* Build configuration list for PBXNativeTarget "JJIGListKitDemo" */ = {
			isa = XCConfigurationList;
			buildConfigurations = (
				5835D3CC224A4E0600CA6085 /* Debug */,
				5835D3CD224A4E0600CA6085 /* Release */,
			);
			defaultConfigurationIsVisible = 0;
			defaultConfigurationName = Release;
		};
/* End XCConfigurationList section */
	};
	rootObject = 5835D3AD224A4E0500CA6085 /* Project object */;
}
