// !$*UTF8*$!
{
	archiveVersion = 1;
	classes = {
	};
	objectVersion = 50;
	objects = {

/* Begin PBXBuildFile section */
		58F58632223788FF00CC696F /* AppDelegate.m in Sources */ = {isa = PBXBuildFile; fileRef = 58F58631223788FF00CC696F /* AppDelegate.m */; };
		58F58635223788FF00CC696F /* ViewController.m in Sources */ = {isa = PBXBuildFile; fileRef = 58F58634223788FF00CC696F /* ViewController.m */; };
		58F58638223788FF00CC696F /* Main.storyboard in Resources */ = {isa = PBXBuildFile; fileRef = 58F58636223788FF00CC696F /* Main.storyboard */; };
		58F5863A2237890000CC696F /* Assets.xcassets in Resources */ = {isa = PBXBuildFile; fileRef = 58F586392237890000CC696F /* Assets.xcassets */; };
		58F5863D2237890000CC696F /* LaunchScreen.storyboard in Resources */ = {isa = PBXBuildFile; fileRef = 58F5863B2237890000CC696F /* LaunchScreen.storyboard */; };
		58F586402237890000CC696F /* main.m in Sources */ = {isa = PBXBuildFile; fileRef = 58F5863F2237890000CC696F /* main.m */; };
/* End PBXBuildFile section */

/* Begin PBXFileReference section */
		58F5862D223788FF00CC696F /* DynamicOpenDemo.app */ = {isa = PBXFileReference; explicitFileType = wrapper.application; includeInIndex = 0; path = DynamicOpenDemo.app; sourceTree = BUILT_PRODUCTS_DIR; };
		58F58630223788FF00CC696F /* AppDelegate.h */ = {isa = PBXFileReference; lastKnownFileType = sourcecode.c.h; path = AppDelegate.h; sourceTree = "<group>"; };
		58F58631223788FF00CC696F /* AppDelegate.m */ = {isa = PBXFileReference; lastKnownFileType = sourcecode.c.objc; path = AppDelegate.m; sourceTree = "<group>"; };
		58F58633223788FF00CC696F /* ViewController.h */ = {isa = PBXFileReference; lastKnownFileType = sourcecode.c.h; path = ViewController.h; sourceTree = "<group>"; };
		58F58634223788FF00CC696F /* ViewController.m */ = {isa = PBXFileReference; lastKnownFileType = sourcecode.c.objc; path = ViewController.m; sourceTree = "<group>"; };
		58F58637223788FF00CC696F /* Base */ = {isa = PBXFileReference; lastKnownFileType = file.storyboard; name = Base; path = Base.lproj/Main.storyboard; sourceTree = "<group>"; };
		58F586392237890000CC696F /* Assets.xcassets */ = {isa = PBXFileReference; lastKnownFileType = folder.assetcatalog; path = Assets.xcassets; sourceTree = "<group>"; };
		58F5863C2237890000CC696F /* Base */ = {isa = PBXFileReference; lastKnownFileType = file.storyboard; name = Base; path = Base.lproj/LaunchScreen.storyboard; sourceTree = "<group>"; };
		58F5863E2237890000CC696F /* Info.plist */ = {isa = PBXFileReference; lastKnownFileType = text.plist.xml; path = Info.plist; sourceTree = "<group>"; };
		58F5863F2237890000CC696F /* main.m */ = {isa = PBXFileReference; lastKnownFileType = sourcecode.c.objc; path = main.m; sourceTree = "<group>"; };
/* End PBXFileReference section */

/* Begin PBXFrameworksBuildPhase section */
		58F5862A223788FF00CC696F /* Frameworks */ = {
			isa = PBXFrameworksBuildPhase;
			buildActionMask = 2147483647;
			files = (
			);
			runOnlyForDeploymentPostprocessing = 0;
		};
/* End PBXFrameworksBuildPhase section */

/* Begin PBXGroup section */
		58F58624223788FF00CC696F = {
			isa = PBXGroup;
			children = (
				58F5862F223788FF00CC696F /* DynamicOpenDemo */,
				58F5862E223788FF00CC696F /* Products */,
			);
			sourceTree = "<group>";
		};
		58F5862E223788FF00CC696F /* Products */ = {
			isa = PBXGroup;
			children = (
				58F5862D223788FF00CC696F /* DynamicOpenDemo.app */,
			);
			name = Products;
			sourceTree = "<group>";
		};
		58F5862F223788FF00CC696F /* DynamicOpenDemo */ = {
			isa = PBXGroup;
			children = (
				58F58630223788FF00CC696F /* AppDelegate.h */,
				58F58631223788FF00CC696F /* AppDelegate.m */,
				58F58633223788FF00CC696F /* ViewController.h */,
				58F58634223788FF00CC696F /* ViewController.m */,
				58F58636223788FF00CC696F /* Main.storyboard */,
				58F586392237890000CC696F /* Assets.xcassets */,
				58F5863B2237890000CC696F /* LaunchScreen.storyboard */,
				58F5863E2237890000CC696F /* Info.plist */,
				58F5863F2237890000CC696F /* main.m */,
			);
			path = DynamicOpenDemo;
			sourceTree = "<group>";
		};
/* End PBXGroup section */

/* Begin PBXNativeTarget section */
		58F5862C223788FF00CC696F /* DynamicOpenDemo */ = {
			isa = PBXNativeTarget;
			buildConfigurationList = 58F586432237890000CC696F /* Build configuration list for PBXNativeTarget "DynamicOpenDemo" */;
			buildPhases = (
				58F58629223788FF00CC696F /* Sources */,
				58F5862A223788FF00CC696F /* Frameworks */,
				58F5862B223788FF00CC696F /* Resources */,
			);
			buildRules = (
			);
			dependencies = (
			);
			name = DynamicOpenDemo;
			productName = DynamicOpenDemo;
			productReference = 58F5862D223788FF00CC696F /* DynamicOpenDemo.app */;
			productType = "com.apple.product-type.application";
		};
/* End PBXNativeTarget section */

/* Begin PBXProject section */
		58F58625223788FF00CC696F /* Project object */ = {
			isa = PBXProject;
			attributes = {
				LastUpgradeCheck = 1010;
				ORGANIZATIONNAME = Liu;
				TargetAttributes = {
					58F5862C223788FF00CC696F = {
						CreatedOnToolsVersion = 10.1;
					};
				};
			};
			buildConfigurationList = 58F58628223788FF00CC696F /* Build configuration list for PBXProject "DynamicOpenDemo" */;
			compatibilityVersion = "Xcode 9.3";
			developmentRegion = en;
			hasScannedForEncodings = 0;
			knownRegions = (
				en,
				Base,
			);
			mainGroup = 58F58624223788FF00CC696F;
			productRefGroup = 58F5862E223788FF00CC696F /* Products */;
			projectDirPath = "";
			projectRoot = "";
			targets = (
				58F5862C223788FF00CC696F /* DynamicOpenDemo */,
			);
		};
/* End PBXProject section */

/* Begin PBXResourcesBuildPhase section */
		58F5862B223788FF00CC696F /* Resources */ = {
			isa = PBXResourcesBuildPhase;
			buildActionMask = 2147483647;
			files = (
				58F5863D2237890000CC696F /* LaunchScreen.storyboard in Resources */,
				58F5863A2237890000CC696F /* Assets.xcassets in Resources */,
				58F58638223788FF00CC696F /* Main.storyboard in Resources */,
			);
			runOnlyForDeploymentPostprocessing = 0;
		};
/* End PBXResourcesBuildPhase section */

/* Begin PBXSourcesBuildPhase section */
		58F58629223788FF00CC696F /* Sources */ = {
			isa = PBXSourcesBuildPhase;
			buildActionMask = 2147483647;
			files = (
				58F58635223788FF00CC696F /* ViewController.m in Sources */,
				58F586402237890000CC696F /* main.m in Sources */,
				58F58632223788FF00CC696F /* AppDelegate.m in Sources */,
			);
			runOnlyForDeploymentPostprocessing = 0;
		};
/* End PBXSourcesBuildPhase section */

/* Begin PBXVariantGroup section */
		58F58636223788FF00CC696F /* Main.storyboard */ = {
			isa = PBXVariantGroup;
			children = (
				58F58637223788FF00CC696F /* Base */,
			);
			name = Main.storyboard;
			sourceTree = "<group>";
		};
		58F5863B2237890000CC696F /* LaunchScreen.storyboard */ = {
			isa = PBXVariantGroup;
			children = (
				58F5863C2237890000CC696F /* Base */,
			);
			name = LaunchScreen.storyboard;
			sourceTree = "<group>";
		};
/* End PBXVariantGroup section */

/* Begin XCBuildConfiguration section */
		58F586412237890000CC696F /* Debug */ = {
			isa = XCBuildConfiguration;
			buildSettings = {
				ALWAYS_SEARCH_USER_PATHS = NO;
				CLANG_ANALYZER_NONNULL = YES;
				CLANG_ANALYZER_NUMBER_OBJECT_CONVERSION = YES_AGGRESSIVE;
				CLANG_CXX_LANGUAGE_STANDARD = "gnu++14";
				CLANG_CXX_LIBRARY = "libc++";
				CLANG_ENABLE_MODULES = YES;
				CLANG_ENABLE_OBJC_ARC = YES;
				CLANG_ENABLE_OBJC_WEAK = YES;
				CLANG_WARN_BLOCK_CAPTURE_AUTORELEASING = YES;
				CLANG_WARN_BOOL_CONVERSION = YES;
				CLANG_WARN_COMMA = YES;
				CLANG_WARN_CONSTANT_CONVERSION = YES;
				CLANG_WARN_DEPRECATED_OBJC_IMPLEMENTATIONS = YES;
				CLANG_WARN_DIRECT_OBJC_ISA_USAGE = YES_ERROR;
				CLANG_WARN_DOCUMENTATION_COMMENTS = YES;
				CLANG_WARN_EMPTY_BODY = YES;
				CLANG_WARN_ENUM_CONVERSION = YES;
				CLANG_WARN_INFINITE_RECURSION = YES;
				CLANG_WARN_INT_CONVERSION = YES;
				CLANG_WARN_NON_LITERAL_NULL_CONVERSION = YES;
				CLANG_WARN_OBJC_IMPLICIT_RETAIN_SELF = YES;
				CLANG_WARN_OBJC_LITERAL_CONVERSION = YES;
				CLANG_WARN_OBJC_ROOT_CLASS = YES_ERROR;
				CLANG_WARN_RANGE_LOOP_ANALYSIS = YES;
				CLANG_WARN_STRICT_PROTOTYPES = YES;
				CLANG_WARN_SUSPICIOUS_MOVE = YES;
				CLANG_WARN_UNGUARDED_AVAILABILITY = YES_AGGRESSIVE;
				CLANG_WARN_UNREACHABLE_CODE = YES;
				CLANG_WARN__DUPLICATE_METHOD_MATCH = YES;
				CODE_SIGN_IDENTITY = "iPhone Developer";
				COPY_PHASE_STRIP = NO;
				DEBUG_INFORMATION_FORMAT = dwarf;
				ENABLE_STRICT_OBJC_MSGSEND = YES;
				ENABLE_TESTABILITY = YES;
				GCC_C_LANGUAGE_STANDARD = gnu11;
				GCC_DYNAMIC_NO_PIC = NO;
				GCC_NO_COMMON_BLOCKS = YES;
				GCC_OPTIMIZATION_LEVEL = 0;
				GCC_PREPROCESSOR_DEFINITIONS = (
					"DEBUG=1",
					"$(inherited)",
				);
				GCC_WARN_64_TO_32_BIT_CONVERSION = YES;
				GCC_WARN_ABOUT_RETURN_TYPE = YES_ERROR;
				GCC_WARN_UNDECLARED_SELECTOR = YES;
				GCC_WARN_UNINITIALIZED_AUTOS = YES_AGGRESSIVE;
				GCC_WARN_UNUSED_FUNCTION = YES;
				GCC_WARN_UNUSED_VARIABLE = YES;
				IPHONEOS_DEPLOYMENT_TARGET = 12.1;
				MTL_ENABLE_DEBUG_INFO = INCLUDE_SOURCE;
				MTL_FAST_MATH = YES;
				ONLY_ACTIVE_ARCH = YES;
				SDKROOT = iphoneos;
			};
			name = Debug;
		};
		58F586422237890000CC696F /* Release */ = {
			isa = XCBuildConfiguration;
			buildSettings = {
				ALWAYS_SEARCH_USER_PATHS = NO;
				CLANG_ANALYZER_NONNULL = YES;
				CLANG_ANALYZER_NUMBER_OBJECT_CONVERSION = YES_AGGRESSIVE;
				CLANG_CXX_LANGUAGE_STANDARD = "gnu++14";
				CLANG_CXX_LIBRARY = "libc++";
				CLANG_ENABLE_MODULES = YES;
				CLANG_ENABLE_OBJC_ARC = YES;
				CLANG_ENABLE_OBJC_WEAK = YES;
				CLANG_WARN_BLOCK_CAPTURE_AUTORELEASING = YES;
				CLANG_WARN_BOOL_CONVERSION = YES;
				CLANG_WARN_COMMA = YES;
				CLANG_WARN_CONSTANT_CONVERSION = YES;
				CLANG_WARN_DEPRECATED_OBJC_IMPLEMENTATIONS = YES;
				CLANG_WARN_DIRECT_OBJC_ISA_USAGE = YES_ERROR;
				CLANG_WARN_DOCUMENTATION_COMMENTS = YES;
				CLANG_WARN_EMPTY_BODY = YES;
				CLANG_WARN_ENUM_CONVERSION = YES;
				CLANG_WARN_INFINITE_RECURSION = YES;
				CLANG_WARN_INT_CONVERSION = YES;
				CLANG_WARN_NON_LITERAL_NULL_CONVERSION = YES;
				CLANG_WARN_OBJC_IMPLICIT_RETAIN_SELF = YES;
				CLANG_WARN_OBJC_LITERAL_CONVERSION = YES;
				CLANG_WARN_OBJC_ROOT_CLASS = YES_ERROR;
				CLANG_WARN_RANGE_LOOP_ANALYSIS = YES;
				CLANG_WARN_STRICT_PROTOTYPES = YES;
				CLANG_WARN_SUSPICIOUS_MOVE = YES;
				CLANG_WARN_UNGUARDED_AVAILABILITY = YES_AGGRESSIVE;
				CLANG_WARN_UNREACHABLE_CODE = YES;
				CLANG_WARN__DUPLICATE_METHOD_MATCH = YES;
				CODE_SIGN_IDENTITY = "iPhone Developer";
				COPY_PHASE_STRIP = NO;
				DEBUG_INFORMATION_FORMAT = "dwarf-with-dsym";
				ENABLE_NS_ASSERTIONS = NO;
				ENABLE_STRICT_OBJC_MSGSEND = YES;
				GCC_C_LANGUAGE_STANDARD = gnu11;
				GCC_NO_COMMON_BLOCKS = YES;
				GCC_WARN_64_TO_32_BIT_CONVERSION = YES;
				GCC_WARN_ABOUT_RETURN_TYPE = YES_ERROR;
				GCC_WARN_UNDECLARED_SELECTOR = YES;
				GCC_WARN_UNINITIALIZED_AUTOS = YES_AGGRESSIVE;
				GCC_WARN_UNUSED_FUNCTION = YES;
				GCC_WARN_UNUSED_VARIABLE = YES;
				IPHONEOS_DEPLOYMENT_TARGET = 12.1;
				MTL_ENABLE_DEBUG_INFO = NO;
				MTL_FAST_MATH = YES;
				SDKROOT = iphoneos;
				VALIDATE_PRODUCT = YES;
			};
			name = Release;
		};
		58F586442237890000CC696F /* Debug */ = {
			isa = XCBuildConfiguration;
			buildSettings = {
				ASSETCATALOG_COMPILER_APPICON_NAME = AppIcon;
				CODE_SIGN_STYLE = Automatic;
				DEVELOPMENT_TEAM = QL2UA4UCJP;
				INFOPLIST_FILE = DynamicOpenDemo/Info.plist;
				LD_RUNPATH_SEARCH_PATHS = (
					"$(inherited)",
					"@executable_path/Frameworks",
				);
				PRODUCT_BUNDLE_IDENTIFIER = com.study.ljj.DynamicOpenDemo;
				PRODUCT_NAME = "$(TARGET_NAME)";
				TARGETED_DEVICE_FAMILY = "1,2";
			};
			name = Debug;
		};
		58F586452237890000CC696F /* Release */ = {
			isa = XCBuildConfiguration;
			buildSettings = {
				ASSETCATALOG_COMPILER_APPICON_NAME = AppIcon;
				CODE_SIGN_STYLE = Automatic;
				DEVELOPMENT_TEAM = QL2UA4UCJP;
				INFOPLIST_FILE = DynamicOpenDemo/Info.plist;
				LD_RUNPATH_SEARCH_PATHS = (
					"$(inherited)",
					"@executable_path/Frameworks",
				);
				PRODUCT_BUNDLE_IDENTIFIER = com.study.ljj.DynamicOpenDemo;
				PRODUCT_NAME = "$(TARGET_NAME)";
				TARGETED_DEVICE_FAMILY = "1,2";
			};
			name = Release;
		};
/* End XCBuildConfiguration section */

/* Begin XCConfigurationList section */
		58F58628223788FF00CC696F /* Build configuration list for PBXProject "DynamicOpenDemo" */ = {
			isa = XCConfigurationList;
			buildConfigurations = (
				58F586412237890000CC696F /* Debug */,
				58F586422237890000CC696F /* Release */,
			);
			defaultConfigurationIsVisible = 0;
			defaultConfigurationName = Release;
		};
		58F586432237890000CC696F /* Build configuration list for PBXNativeTarget "DynamicOpenDemo" */ = {
			isa = XCConfigurationList;
			buildConfigurations = (
				58F586442237890000CC696F /* Debug */,
				58F586452237890000CC696F /* Release */,
			);
			defaultConfigurationIsVisible = 0;
			defaultConfigurationName = Release;
		};
/* End XCConfigurationList section */
	};
	rootObject = 58F58625223788FF00CC696F /* Project object */;
}
